
Microsoft Visual Studio Solution File, Format Version 12.00
# Visual Studio Version 17
VisualStudioVersion = 17.4.33110.190
MinimumVisualStudioVersion = 10.0.40219.1
Project("{FAE04EC0-301F-11D3-BF4B-00C04F79EFBC}") = "CAPSTONE", "CAPSTONE\CAPSTONE.csproj", "{9FBA9D03-37C3-4521-B54E-34F25FC78FDB}"
EndProject
Global
	GlobalSection(SolutionConfigurationPlatforms) = preSolution
		Debug|Any CPU = Debug|Any CPU
		Release|Any CPU = Release|Any CPU
	EndGlobalSection
	GlobalSection(ProjectConfigurationPlatforms) = postSolution
		{9FBA9D03-37C3-4521-B54E-34F25FC78FDB}.Debug|Any CPU.ActiveCfg = Debug|Any CPU
		{9FBA9D03-37C3-4521-B54E-34F25FC78FDB}.Debug|Any CPU.Build.0 = Debug|Any CPU
		{9FBA9D03-37C3-4521-B54E-34F25FC78FDB}.Release|Any CPU.ActiveCfg = Release|Any CPU
		{9FBA9D03-37C3-4521-B54E-34F25FC78FDB}.Release|Any CPU.Build.0 = Release|Any CPU
	EndGlobalSection
	GlobalSection(SolutionProperties) = preSolution
		HideSolutionNode = FALSE
	EndGlobalSection
	GlobalSection(ExtensibilityGlobals) = postSolution
		SolutionGuid = {46F72BF5-0F10-4C4E-A24A-E770B85FB893}
	EndGlobalSection
EndGlobal
